
Microsoft Visual Studio Solution File, Format Version 12.00
# Visual Studio Version 16
VisualStudioVersion = 16.0.30611.23
MinimumVisualStudioVersion = 10.0.40219.1
Project("{FAE04EC0-301F-11D3-BF4B-00C04F79EFBC}") = "Satis_Takip_CF", "Satis_Takip_CF\Satis_Takip_CF.csproj", "{210CFAA8-06E4-4EFF-8FA3-B5924E83EBD9}"
EndProject
Global
	GlobalSection(SolutionConfigurationPlatforms) = preSolution
		Debug|Any CPU = Debug|Any CPU
		Release|Any CPU = Release|Any CPU
	EndGlobalSection
	GlobalSection(ProjectConfigurationPlatforms) = postSolution
		{210CFAA8-06E4-4EFF-8FA3-B5924E83EBD9}.Debug|Any CPU.ActiveCfg = Debug|Any CPU
		{210CFAA8-06E4-4EFF-8FA3-B5924E83EBD9}.Debug|Any CPU.Build.0 = Debug|Any CPU
		{210CFAA8-06E4-4EFF-8FA3-B5924E83EBD9}.Release|Any CPU.ActiveCfg = Release|Any CPU
		{210CFAA8-06E4-4EFF-8FA3-B5924E83EBD9}.Release|Any CPU.Build.0 = Release|Any CPU
	EndGlobalSection
	GlobalSection(SolutionProperties) = preSolution
		HideSolutionNode = FALSE
	EndGlobalSection
	GlobalSection(ExtensibilityGlobals) = postSolution
		SolutionGuid = {B36171CD-048D-4890-B099-927AF83D7E5F}
	EndGlobalSection
EndGlobal
